
Microsoft Visual Studio Solution File, Format Version 12.00
# Visual Studio Version 16
VisualStudioVersion = 16.0.29806.167
MinimumVisualStudioVersion = 10.0.40219.1
Project("{FAE04EC0-301F-11D3-BF4B-00C04F79EFBC}") = "SecretSanta", "SecretSanta\SecretSanta.csproj", "{8FB6451D-364F-40A5-BF3A-B8672A5F5B78}"
EndProject
Project("{FAE04EC0-301F-11D3-BF4B-00C04F79EFBC}") = "SecretSanta.DAL", "SecretSanta.DAL\SecretSanta.DAL.csproj", "{8F139DBA-0DBC-4111-9964-15C456A24341}"
EndProject
Project("{FAE04EC0-301F-11D3-BF4B-00C04F79EFBC}") = "SecretSanta.BLL", "SecretSanta.BLL\SecretSanta.BLL.csproj", "{B9194F76-F363-4C63-BE0F-0CCB9B901390}"
EndProject
Global
	GlobalSection(SolutionConfigurationPlatforms) = preSolution
		Debug|Any CPU = Debug|Any CPU
		Release|Any CPU = Release|Any CPU
	EndGlobalSection
	GlobalSection(ProjectConfigurationPlatforms) = postSolution
		{8FB6451D-364F-40A5-BF3A-B8672A5F5B78}.Debug|Any CPU.ActiveCfg = Debug|Any CPU
		{8FB6451D-364F-40A5-BF3A-B8672A5F5B78}.Debug|Any CPU.Build.0 = Debug|Any CPU
		{8FB6451D-364F-40A5-BF3A-B8672A5F5B78}.Release|Any CPU.ActiveCfg = Release|Any CPU
		{8FB6451D-364F-40A5-BF3A-B8672A5F5B78}.Release|Any CPU.Build.0 = Release|Any CPU
		{8F139DBA-0DBC-4111-9964-15C456A24341}.Debug|Any CPU.ActiveCfg = Debug|Any CPU
		{8F139DBA-0DBC-4111-9964-15C456A24341}.Debug|Any CPU.Build.0 = Debug|Any CPU
		{8F139DBA-0DBC-4111-9964-15C456A24341}.Release|Any CPU.ActiveCfg = Release|Any CPU
		{8F139DBA-0DBC-4111-9964-15C456A24341}.Release|Any CPU.Build.0 = Release|Any CPU
		{B9194F76-F363-4C63-BE0F-0CCB9B901390}.Debug|Any CPU.ActiveCfg = Debug|Any CPU
		{B9194F76-F363-4C63-BE0F-0CCB9B901390}.Debug|Any CPU.Build.0 = Debug|Any CPU
		{B9194F76-F363-4C63-BE0F-0CCB9B901390}.Release|Any CPU.ActiveCfg = Release|Any CPU
		{B9194F76-F363-4C63-BE0F-0CCB9B901390}.Release|Any CPU.Build.0 = Release|Any CPU
	EndGlobalSection
	GlobalSection(SolutionProperties) = preSolution
		HideSolutionNode = FALSE
	EndGlobalSection
	GlobalSection(ExtensibilityGlobals) = postSolution
		SolutionGuid = {11AB0BFB-E48F-43B2-853D-CF94BD89EE18}
	EndGlobalSection
EndGlobal
